---
- hosts: node
  any_errors_fatal: true
  become: yes
  become_user: root
  gather_facts: no
  tasks:
  - name: Installing Apache
    block:
      - yum: name={{ item }} state=installed
        with_items:
          - httpd
          - memcached
      - template: src=template/srcX.j2 dest=/etc/some.conf
      - service: name=bar state=started enabled=True
    when: ansible_distribution == 'CentOS'

---
- hosts: node
  any_errors_fatal: true
  become: yes
  become_user: root
  tasks:
  - name: usage of blocks
    block:
      - name: upgrade db
        shell:
        cmd: /root/upgradedb
    rescue:
      - name: revert db upgrade
        shell:
        cmd: /root/revertdb
    always:
      - name: restart db
        service:
          name: mariadb
          state: restarted
